// !$*UTF8*$!
{
	archiveVersion = 1;
	classes = {
	};
	objectVersion = 56;
	objects = {

/* Begin PBXBuildFile section */
		D69947CD2998BDD400DE5B87 /* letterStoneApp.swift in Sources */ = {isa = PBXBuildFile; fileRef = D69947CC2998BDD400DE5B87 /* letterStoneApp.swift */; };
		D69947CF2998BDD400DE5B87 /* ContentView.swift in Sources */ = {isa = PBXBuildFile; fileRef = D69947CE2998BDD400DE5B87 /* ContentView.swift */; };
		D69947D12998BDD600DE5B87 /* Assets.xcassets in Resources */ = {isa = PBXBuildFile; fileRef = D69947D02998BDD600DE5B87 /* Assets.xcassets */; };
		D69947D42998BDD600DE5B87 /* Preview Assets.xcassets in Resources */ = {isa = PBXBuildFile; fileRef = D69947D32998BDD600DE5B87 /* Preview Assets.xcassets */; };
		D69947DB2998BFAC00DE5B87 /* DetectingView.swift in Sources */ = {isa = PBXBuildFile; fileRef = D69947DA2998BFAC00DE5B87 /* DetectingView.swift */; };
		D69947DD2998BFB500DE5B87 /* SettingView.swift in Sources */ = {isa = PBXBuildFile; fileRef = D69947DC2998BFB500DE5B87 /* SettingView.swift */; };
		D69947DF2998C2EB00DE5B87 /* CarvingStone.swift in Sources */ = {isa = PBXBuildFile; fileRef = D69947DE2998C2EB00DE5B87 /* CarvingStone.swift */; };
		D69947E12998C54800DE5B87 /* StoneDetail.swift in Sources */ = {isa = PBXBuildFile; fileRef = D69947E02998C54800DE5B87 /* StoneDetail.swift */; };
		D69947E32998D34D00DE5B87 /* LsLocation.swift in Sources */ = {isa = PBXBuildFile; fileRef = D69947E22998D34D00DE5B87 /* LsLocation.swift */; };
		D69947E52998E12900DE5B87 /* LetterStone.swift in Sources */ = {isa = PBXBuildFile; fileRef = D69947E42998E12900DE5B87 /* LetterStone.swift */; };
		D69947E82998E1D100DE5B87 /* Dao.swift in Sources */ = {isa = PBXBuildFile; fileRef = D69947E72998E1D100DE5B87 /* Dao.swift */; };
		D69947EA2998F22200DE5B87 /* LetterStoneRowView.swift in Sources */ = {isa = PBXBuildFile; fileRef = D69947E92998F22200DE5B87 /* LetterStoneRowView.swift */; };
		D69947EC2998F36A00DE5B87 /* LetterStoneDetail.swift in Sources */ = {isa = PBXBuildFile; fileRef = D69947EB2998F36A00DE5B87 /* LetterStoneDetail.swift */; };
		D69947EE2998F7A500DE5B87 /* TestStone.swift in Sources */ = {isa = PBXBuildFile; fileRef = D69947ED2998F7A500DE5B87 /* TestStone.swift */; };
		D69947F02999251400DE5B87 /* LetterStoneView.swift in Sources */ = {isa = PBXBuildFile; fileRef = D69947EF2999251400DE5B87 /* LetterStoneView.swift */; };
/* End PBXBuildFile section */

/* Begin PBXFileReference section */
		D69947C92998BDD400DE5B87 /* letterStone.app */ = {isa = PBXFileReference; explicitFileType = wrapper.application; includeInIndex = 0; path = letterStone.app; sourceTree = BUILT_PRODUCTS_DIR; };
		D69947CC2998BDD400DE5B87 /* letterStoneApp.swift */ = {isa = PBXFileReference; lastKnownFileType = sourcecode.swift; path = letterStoneApp.swift; sourceTree = "<group>"; };
		D69947CE2998BDD400DE5B87 /* ContentView.swift */ = {isa = PBXFileReference; lastKnownFileType = sourcecode.swift; path = ContentView.swift; sourceTree = "<group>"; };
		D69947D02998BDD600DE5B87 /* Assets.xcassets */ = {isa = PBXFileReference; lastKnownFileType = folder.assetcatalog; path = Assets.xcassets; sourceTree = "<group>"; };
		D69947D32998BDD600DE5B87 /* Preview Assets.xcassets */ = {isa = PBXFileReference; lastKnownFileType = folder.assetcatalog; path = "Preview Assets.xcassets"; sourceTree = "<group>"; };
		D69947DA2998BFAC00DE5B87 /* DetectingView.swift */ = {isa = PBXFileReference; lastKnownFileType = sourcecode.swift; path = DetectingView.swift; sourceTree = "<group>"; };
		D69947DC2998BFB500DE5B87 /* SettingView.swift */ = {isa = PBXFileReference; lastKnownFileType = sourcecode.swift; path = SettingView.swift; sourceTree = "<group>"; };
		D69947DE2998C2EB00DE5B87 /* CarvingStone.swift */ = {isa = PBXFileReference; lastKnownFileType = sourcecode.swift; path = CarvingStone.swift; sourceTree = "<group>"; };
		D69947E02998C54800DE5B87 /* StoneDetail.swift */ = {isa = PBXFileReference; lastKnownFileType = sourcecode.swift; path = StoneDetail.swift; sourceTree = "<group>"; };
		D69947E22998D34D00DE5B87 /* LsLocation.swift */ = {isa = PBXFileReference; lastKnownFileType = sourcecode.swift; path = LsLocation.swift; sourceTree = "<group>"; };
		D69947E42998E12900DE5B87 /* LetterStone.swift */ = {isa = PBXFileReference; lastKnownFileType = sourcecode.swift; path = LetterStone.swift; sourceTree = "<group>"; };
		D69947E72998E1D100DE5B87 /* Dao.swift */ = {isa = PBXFileReference; lastKnownFileType = sourcecode.swift; path = Dao.swift; sourceTree = "<group>"; };
		D69947E92998F22200DE5B87 /* LetterStoneRowView.swift */ = {isa = PBXFileReference; lastKnownFileType = sourcecode.swift; path = LetterStoneRowView.swift; sourceTree = "<group>"; };
		D69947EB2998F36A00DE5B87 /* LetterStoneDetail.swift */ = {isa = PBXFileReference; lastKnownFileType = sourcecode.swift; path = LetterStoneDetail.swift; sourceTree = "<group>"; };
		D69947ED2998F7A500DE5B87 /* TestStone.swift */ = {isa = PBXFileReference; lastKnownFileType = sourcecode.swift; path = TestStone.swift; sourceTree = "<group>"; };
		D69947EF2999251400DE5B87 /* LetterStoneView.swift */ = {isa = PBXFileReference; lastKnownFileType = sourcecode.swift; path = LetterStoneView.swift; sourceTree = "<group>"; };
/* End PBXFileReference section */

/* Begin PBXFrameworksBuildPhase section */
		D69947C62998BDD400DE5B87 /* Frameworks */ = {
			isa = PBXFrameworksBuildPhase;
			buildActionMask = 2147483647;
			files = (
			);
			runOnlyForDeploymentPostprocessing = 0;
		};
/* End PBXFrameworksBuildPhase section */

/* Begin PBXGroup section */
		D69947C02998BDD400DE5B87 = {
			isa = PBXGroup;
			children = (
				D69947CB2998BDD400DE5B87 /* letterStone */,
				D69947CA2998BDD400DE5B87 /* Products */,
			);
			sourceTree = "<group>";
		};
		D69947CA2998BDD400DE5B87 /* Products */ = {
			isa = PBXGroup;
			children = (
				D69947C92998BDD400DE5B87 /* letterStone.app */,
			);
			name = Products;
			sourceTree = "<group>";
		};
		D69947CB2998BDD400DE5B87 /* letterStone */ = {
			isa = PBXGroup;
			children = (
				D69947E62998E1BD00DE5B87 /* Model */,
				D69947CC2998BDD400DE5B87 /* letterStoneApp.swift */,
				D69947CE2998BDD400DE5B87 /* ContentView.swift */,
				D69947D02998BDD600DE5B87 /* Assets.xcassets */,
				D69947D22998BDD600DE5B87 /* Preview Content */,
				D69947DA2998BFAC00DE5B87 /* DetectingView.swift */,
				D69947DE2998C2EB00DE5B87 /* CarvingStone.swift */,
				D69947DC2998BFB500DE5B87 /* SettingView.swift */,
				D69947E02998C54800DE5B87 /* StoneDetail.swift */,
				D69947E22998D34D00DE5B87 /* LsLocation.swift */,
				D69947E92998F22200DE5B87 /* LetterStoneRowView.swift */,
				D69947EB2998F36A00DE5B87 /* LetterStoneDetail.swift */,
				D69947ED2998F7A500DE5B87 /* TestStone.swift */,
				D69947EF2999251400DE5B87 /* LetterStoneView.swift */,
			);
			path = letterStone;
			sourceTree = "<group>";
		};
		D69947D22998BDD600DE5B87 /* Preview Content */ = {
			isa = PBXGroup;
			children = (
				D69947D32998BDD600DE5B87 /* Preview Assets.xcassets */,
			);
			path = "Preview Content";
			sourceTree = "<group>";
		};
		D69947E62998E1BD00DE5B87 /* Model */ = {
			isa = PBXGroup;
			children = (
				D69947E42998E12900DE5B87 /* LetterStone.swift */,
				D69947E72998E1D100DE5B87 /* Dao.swift */,
			);
			path = Model;
			sourceTree = "<group>";
		};
/* End PBXGroup section */

/* Begin PBXNativeTarget section */
		D69947C82998BDD400DE5B87 /* letterStone */ = {
			isa = PBXNativeTarget;
			buildConfigurationList = D69947D72998BDD600DE5B87 /* Build configuration list for PBXNativeTarget "letterStone" */;
			buildPhases = (
				D69947C52998BDD400DE5B87 /* Sources */,
				D69947C62998BDD400DE5B87 /* Frameworks */,
				D69947C72998BDD400DE5B87 /* Resources */,
			);
			buildRules = (
			);
			dependencies = (
			);
			name = letterStone;
			productName = letterStone;
			productReference = D69947C92998BDD400DE5B87 /* letterStone.app */;
			productType = "com.apple.product-type.application";
		};
/* End PBXNativeTarget section */

/* Begin PBXProject section */
		D69947C12998BDD400DE5B87 /* Project object */ = {
			isa = PBXProject;
			attributes = {
				BuildIndependentTargetsInParallel = 1;
				LastSwiftUpdateCheck = 1420;
				LastUpgradeCheck = 1420;
				TargetAttributes = {
					D69947C82998BDD400DE5B87 = {
						CreatedOnToolsVersion = 14.2;
					};
				};
			};
			buildConfigurationList = D69947C42998BDD400DE5B87 /* Build configuration list for PBXProject "letterStone" */;
			compatibilityVersion = "Xcode 14.0";
			developmentRegion = en;
			hasScannedForEncodings = 0;
			knownRegions = (
				en,
				Base,
			);
			mainGroup = D69947C02998BDD400DE5B87;
			productRefGroup = D69947CA2998BDD400DE5B87 /* Products */;
			projectDirPath = "";
			projectRoot = "";
			targets = (
				D69947C82998BDD400DE5B87 /* letterStone */,
			);
		};
/* End PBXProject section */

/* Begin PBXResourcesBuildPhase section */
		D69947C72998BDD400DE5B87 /* Resources */ = {
			isa = PBXResourcesBuildPhase;
			buildActionMask = 2147483647;
			files = (
				D69947D42998BDD600DE5B87 /* Preview Assets.xcassets in Resources */,
				D69947D12998BDD600DE5B87 /* Assets.xcassets in Resources */,
			);
			runOnlyForDeploymentPostprocessing = 0;
		};
/* End PBXResourcesBuildPhase section */

/* Begin PBXSourcesBuildPhase section */
		D69947C52998BDD400DE5B87 /* Sources */ = {
			isa = PBXSourcesBuildPhase;
			buildActionMask = 2147483647;
			files = (
				D69947E12998C54800DE5B87 /* StoneDetail.swift in Sources */,
				D69947CF2998BDD400DE5B87 /* ContentView.swift in Sources */,
				D69947DD2998BFB500DE5B87 /* SettingView.swift in Sources */,
				D69947E32998D34D00DE5B87 /* LsLocation.swift in Sources */,
				D69947DF2998C2EB00DE5B87 /* CarvingStone.swift in Sources */,
				D69947E82998E1D100DE5B87 /* Dao.swift in Sources */,
				D69947E52998E12900DE5B87 /* LetterStone.swift in Sources */,
				D69947F02999251400DE5B87 /* LetterStoneView.swift in Sources */,
				D69947EE2998F7A500DE5B87 /* TestStone.swift in Sources */,
				D69947CD2998BDD400DE5B87 /* letterStoneApp.swift in Sources */,
				D69947EC2998F36A00DE5B87 /* LetterStoneDetail.swift in Sources */,
				D69947DB2998BFAC00DE5B87 /* DetectingView.swift in Sources */,
				D69947EA2998F22200DE5B87 /* LetterStoneRowView.swift in Sources */,
			);
			runOnlyForDeploymentPostprocessing = 0;
		};
/* End PBXSourcesBuildPhase section */

/* Begin XCBuildConfiguration section */
		D69947D52998BDD600DE5B87 /* Debug */ = {
			isa = XCBuildConfiguration;
			buildSettings = {
				ALWAYS_SEARCH_USER_PATHS = NO;
				CLANG_ANALYZER_NONNULL = YES;
				CLANG_ANALYZER_NUMBER_OBJECT_CONVERSION = YES_AGGRESSIVE;
				CLANG_CXX_LANGUAGE_STANDARD = "gnu++20";
				CLANG_ENABLE_MODULES = YES;
				CLANG_ENABLE_OBJC_ARC = YES;
				CLANG_ENABLE_OBJC_WEAK = YES;
				CLANG_WARN_BLOCK_CAPTURE_AUTORELEASING = YES;
				CLANG_WARN_BOOL_CONVERSION = YES;
				CLANG_WARN_COMMA = YES;
				CLANG_WARN_CONSTANT_CONVERSION = YES;
				CLANG_WARN_DEPRECATED_OBJC_IMPLEMENTATIONS = YES;
				CLANG_WARN_DIRECT_OBJC_ISA_USAGE = YES_ERROR;
				CLANG_WARN_DOCUMENTATION_COMMENTS = YES;
				CLANG_WARN_EMPTY_BODY = YES;
				CLANG_WARN_ENUM_CONVERSION = YES;
				CLANG_WARN_INFINITE_RECURSION = YES;
				CLANG_WARN_INT_CONVERSION = YES;
				CLANG_WARN_NON_LITERAL_NULL_CONVERSION = YES;
				CLANG_WARN_OBJC_IMPLICIT_RETAIN_SELF = YES;
				CLANG_WARN_OBJC_LITERAL_CONVERSION = YES;
				CLANG_WARN_OBJC_ROOT_CLASS = YES_ERROR;
				CLANG_WARN_QUOTED_INCLUDE_IN_FRAMEWORK_HEADER = YES;
				CLANG_WARN_RANGE_LOOP_ANALYSIS = YES;
				CLANG_WARN_STRICT_PROTOTYPES = YES;
				CLANG_WARN_SUSPICIOUS_MOVE = YES;
				CLANG_WARN_UNGUARDED_AVAILABILITY = YES_AGGRESSIVE;
				CLANG_WARN_UNREACHABLE_CODE = YES;
				CLANG_WARN__DUPLICATE_METHOD_MATCH = YES;
				COPY_PHASE_STRIP = NO;
				DEBUG_INFORMATION_FORMAT = dwarf;
				ENABLE_STRICT_OBJC_MSGSEND = YES;
				ENABLE_TESTABILITY = YES;
				GCC_C_LANGUAGE_STANDARD = gnu11;
				GCC_DYNAMIC_NO_PIC = NO;
				GCC_NO_COMMON_BLOCKS = YES;
				GCC_OPTIMIZATION_LEVEL = 0;
				GCC_PREPROCESSOR_DEFINITIONS = (
					"DEBUG=1",
					"$(inherited)",
				);
				GCC_WARN_64_TO_32_BIT_CONVERSION = YES;
				GCC_WARN_ABOUT_RETURN_TYPE = YES_ERROR;
				GCC_WARN_UNDECLARED_SELECTOR = YES;
				GCC_WARN_UNINITIALIZED_AUTOS = YES_AGGRESSIVE;
				GCC_WARN_UNUSED_FUNCTION = YES;
				GCC_WARN_UNUSED_VARIABLE = YES;
				IPHONEOS_DEPLOYMENT_TARGET = 16.2;
				MTL_ENABLE_DEBUG_INFO = INCLUDE_SOURCE;
				MTL_FAST_MATH = YES;
				ONLY_ACTIVE_ARCH = YES;
				SDKROOT = iphoneos;
				SWIFT_ACTIVE_COMPILATION_CONDITIONS = DEBUG;
				SWIFT_OPTIMIZATION_LEVEL = "-Onone";
			};
			name = Debug;
		};
		D69947D62998BDD600DE5B87 /* Release */ = {
			isa = XCBuildConfiguration;
			buildSettings = {
				ALWAYS_SEARCH_USER_PATHS = NO;
				CLANG_ANALYZER_NONNULL = YES;
				CLANG_ANALYZER_NUMBER_OBJECT_CONVERSION = YES_AGGRESSIVE;
				CLANG_CXX_LANGUAGE_STANDARD = "gnu++20";
				CLANG_ENABLE_MODULES = YES;
				CLANG_ENABLE_OBJC_ARC = YES;
				CLANG_ENABLE_OBJC_WEAK = YES;
				CLANG_WARN_BLOCK_CAPTURE_AUTORELEASING = YES;
				CLANG_WARN_BOOL_CONVERSION = YES;
				CLANG_WARN_COMMA = YES;
				CLANG_WARN_CONSTANT_CONVERSION = YES;
				CLANG_WARN_DEPRECATED_OBJC_IMPLEMENTATIONS = YES;
				CLANG_WARN_DIRECT_OBJC_ISA_USAGE = YES_ERROR;
				CLANG_WARN_DOCUMENTATION_COMMENTS = YES;
				CLANG_WARN_EMPTY_BODY = YES;
				CLANG_WARN_ENUM_CONVERSION = YES;
				CLANG_WARN_INFINITE_RECURSION = YES;
				CLANG_WARN_INT_CONVERSION = YES;
				CLANG_WARN_NON_LITERAL_NULL_CONVERSION = YES;
				CLANG_WARN_OBJC_IMPLICIT_RETAIN_SELF = YES;
				CLANG_WARN_OBJC_LITERAL_CONVERSION = YES;
				CLANG_WARN_OBJC_ROOT_CLASS = YES_ERROR;
				CLANG_WARN_QUOTED_INCLUDE_IN_FRAMEWORK_HEADER = YES;
				CLANG_WARN_RANGE_LOOP_ANALYSIS = YES;
				CLANG_WARN_STRICT_PROTOTYPES = YES;
				CLANG_WARN_SUSPICIOUS_MOVE = YES;
				CLANG_WARN_UNGUARDED_AVAILABILITY = YES_AGGRESSIVE;
				CLANG_WARN_UNREACHABLE_CODE = YES;
				CLANG_WARN__DUPLICATE_METHOD_MATCH = YES;
				COPY_PHASE_STRIP = NO;
				DEBUG_INFORMATION_FORMAT = "dwarf-with-dsym";
				ENABLE_NS_ASSERTIONS = NO;
				ENABLE_STRICT_OBJC_MSGSEND = YES;
				GCC_C_LANGUAGE_STANDARD = gnu11;
				GCC_NO_COMMON_BLOCKS = YES;
				GCC_WARN_64_TO_32_BIT_CONVERSION = YES;
				GCC_WARN_ABOUT_RETURN_TYPE = YES_ERROR;
				GCC_WARN_UNDECLARED_SELECTOR = YES;
				GCC_WARN_UNINITIALIZED_AUTOS = YES_AGGRESSIVE;
				GCC_WARN_UNUSED_FUNCTION = YES;
				GCC_WARN_UNUSED_VARIABLE = YES;
				IPHONEOS_DEPLOYMENT_TARGET = 16.2;
				MTL_ENABLE_DEBUG_INFO = NO;
				MTL_FAST_MATH = YES;
				SDKROOT = iphoneos;
				SWIFT_COMPILATION_MODE = wholemodule;
				SWIFT_OPTIMIZATION_LEVEL = "-O";
				VALIDATE_PRODUCT = YES;
			};
			name = Release;
		};
		D69947D82998BDD600DE5B87 /* Debug */ = {
			isa = XCBuildConfiguration;
			buildSettings = {
				ASSETCATALOG_COMPILER_APPICON_NAME = AppIcon;
				ASSETCATALOG_COMPILER_GLOBAL_ACCENT_COLOR_NAME = AccentColor;
				CODE_SIGN_STYLE = Automatic;
				CURRENT_PROJECT_VERSION = 1;
				DEVELOPMENT_ASSET_PATHS = "\"letterStone/Preview Content\"";
				DEVELOPMENT_TEAM = NXZ4WZG296;
				ENABLE_PREVIEWS = YES;
				GENERATE_INFOPLIST_FILE = YES;
				INFOPLIST_KEY_NSLocationWhenInUseUsageDescription = "\"guswodnll\"";
				INFOPLIST_KEY_UIApplicationSceneManifest_Generation = YES;
				INFOPLIST_KEY_UIApplicationSupportsIndirectInputEvents = YES;
				INFOPLIST_KEY_UILaunchScreen_Generation = YES;
				INFOPLIST_KEY_UISupportedInterfaceOrientations_iPad = "UIInterfaceOrientationPortrait UIInterfaceOrientationPortraitUpsideDown UIInterfaceOrientationLandscapeLeft UIInterfaceOrientationLandscapeRight";
				INFOPLIST_KEY_UISupportedInterfaceOrientations_iPhone = "UIInterfaceOrientationPortrait UIInterfaceOrientationLandscapeLeft UIInterfaceOrientationLandscapeRight";
				LD_RUNPATH_SEARCH_PATHS = (
					"$(inherited)",
					"@executable_path/Frameworks",
				);
				MARKETING_VERSION = 1.0;
				PRODUCT_BUNDLE_IDENTIFIER = seongyun.lim.letterStone;
				PRODUCT_NAME = "$(TARGET_NAME)";
				SWIFT_EMIT_LOC_STRINGS = YES;
				SWIFT_VERSION = 5.0;
				TARGETED_DEVICE_FAMILY = "1,2";
			};
			name = Debug;
		};
		D69947D92998BDD600DE5B87 /* Release */ = {
			isa = XCBuildConfiguration;
			buildSettings = {
				ASSETCATALOG_COMPILER_APPICON_NAME = AppIcon;
				ASSETCATALOG_COMPILER_GLOBAL_ACCENT_COLOR_NAME = AccentColor;
				CODE_SIGN_STYLE = Automatic;
				CURRENT_PROJECT_VERSION = 1;
				DEVELOPMENT_ASSET_PATHS = "\"letterStone/Preview Content\"";
				DEVELOPMENT_TEAM = NXZ4WZG296;
				ENABLE_PREVIEWS = YES;
				GENERATE_INFOPLIST_FILE = YES;
				INFOPLIST_KEY_NSLocationWhenInUseUsageDescription = "\"guswodnll\"";
				INFOPLIST_KEY_UIApplicationSceneManifest_Generation = YES;
				INFOPLIST_KEY_UIApplicationSupportsIndirectInputEvents = YES;
				INFOPLIST_KEY_UILaunchScreen_Generation = YES;
				INFOPLIST_KEY_UISupportedInterfaceOrientations_iPad = "UIInterfaceOrientationPortrait UIInterfaceOrientationPortraitUpsideDown UIInterfaceOrientationLandscapeLeft UIInterfaceOrientationLandscapeRight";
				INFOPLIST_KEY_UISupportedInterfaceOrientations_iPhone = "UIInterfaceOrientationPortrait UIInterfaceOrientationLandscapeLeft UIInterfaceOrientationLandscapeRight";
				LD_RUNPATH_SEARCH_PATHS = (
					"$(inherited)",
					"@executable_path/Frameworks",
				);
				MARKETING_VERSION = 1.0;
				PRODUCT_BUNDLE_IDENTIFIER = seongyun.lim.letterStone;
				PRODUCT_NAME = "$(TARGET_NAME)";
				SWIFT_EMIT_LOC_STRINGS = YES;
				SWIFT_VERSION = 5.0;
				TARGETED_DEVICE_FAMILY = "1,2";
			};
			name = Release;
		};
/* End XCBuildConfiguration section */

/* Begin XCConfigurationList section */
		D69947C42998BDD400DE5B87 /* Build configuration list for PBXProject "letterStone" */ = {
			isa = XCConfigurationList;
			buildConfigurations = (
				D69947D52998BDD600DE5B87 /* Debug */,
				D69947D62998BDD600DE5B87 /* Release */,
			);
			defaultConfigurationIsVisible = 0;
			defaultConfigurationName = Release;
		};
		D69947D72998BDD600DE5B87 /* Build configuration list for PBXNativeTarget "letterStone" */ = {
			isa = XCConfigurationList;
			buildConfigurations = (
				D69947D82998BDD600DE5B87 /* Debug */,
				D69947D92998BDD600DE5B87 /* Release */,
			);
			defaultConfigurationIsVisible = 0;
			defaultConfigurationName = Release;
		};
/* End XCConfigurationList section */
	};
	rootObject = D69947C12998BDD400DE5B87 /* Project object */;
}
